
Microsoft Visual Studio Solution File, Format Version 12.00
# Visual Studio 15
Project("{FAE04EC0-301F-11D3-BF4B-00C04F79EFBC}") = "RestauantAPP.Android", "RestauantAPP.Android\RestauantAPP.Android.csproj", "{81CFC167-2056-4BB0-A218-A4B462209735}"
EndProject
Project("{FAE04EC0-301F-11D3-BF4B-00C04F79EFBC}") = "RestauantAPP.iOS", "RestauantAPP.iOS\RestauantAPP.iOS.csproj", "{10DB0F37-4F0D-4F38-A9A0-023C0B82DD7F}"
EndProject
Project("{FAE04EC0-301F-11D3-BF4B-00C04F79EFBC}") = "RestauantAPP", "RestauantAPP\RestauantAPP.csproj", "{E2634F05-750D-4FA7-A6DC-4CD7ECA1416D}"
EndProject
Global
	GlobalSection(SolutionConfigurationPlatforms) = preSolution
		Debug|Any CPU = Debug|Any CPU
		Release|Any CPU = Release|Any CPU
		Debug|iPhoneSimulator = Debug|iPhoneSimulator
		Release|iPhoneSimulator = Release|iPhoneSimulator
		Debug|iPhone = Debug|iPhone
		Release|iPhone = Release|iPhone
		Ad-Hoc|iPhone = Ad-Hoc|iPhone
		AppStore|iPhone = AppStore|iPhone
	EndGlobalSection
	GlobalSection(ProjectConfigurationPlatforms) = postSolution
		{81CFC167-2056-4BB0-A218-A4B462209735}.Debug|Any CPU.ActiveCfg = Debug|Any CPU
		{81CFC167-2056-4BB0-A218-A4B462209735}.Debug|Any CPU.Build.0 = Debug|Any CPU
		{81CFC167-2056-4BB0-A218-A4B462209735}.Release|Any CPU.ActiveCfg = Release|Any CPU
		{81CFC167-2056-4BB0-A218-A4B462209735}.Release|Any CPU.Build.0 = Release|Any CPU
		{81CFC167-2056-4BB0-A218-A4B462209735}.Debug|iPhoneSimulator.ActiveCfg = Debug|Any CPU
		{81CFC167-2056-4BB0-A218-A4B462209735}.Debug|iPhoneSimulator.Build.0 = Debug|Any CPU
		{81CFC167-2056-4BB0-A218-A4B462209735}.Release|iPhoneSimulator.ActiveCfg = Release|Any CPU
		{81CFC167-2056-4BB0-A218-A4B462209735}.Release|iPhoneSimulator.Build.0 = Release|Any CPU
		{81CFC167-2056-4BB0-A218-A4B462209735}.Debug|iPhone.ActiveCfg = Debug|Any CPU
		{81CFC167-2056-4BB0-A218-A4B462209735}.Debug|iPhone.Build.0 = Debug|Any CPU
		{81CFC167-2056-4BB0-A218-A4B462209735}.Release|iPhone.ActiveCfg = Release|Any CPU
		{81CFC167-2056-4BB0-A218-A4B462209735}.Release|iPhone.Build.0 = Release|Any CPU
		{81CFC167-2056-4BB0-A218-A4B462209735}.Ad-Hoc|iPhone.ActiveCfg = Debug|Any CPU
		{81CFC167-2056-4BB0-A218-A4B462209735}.Ad-Hoc|iPhone.Build.0 = Debug|Any CPU
		{81CFC167-2056-4BB0-A218-A4B462209735}.AppStore|iPhone.ActiveCfg = Debug|Any CPU
		{81CFC167-2056-4BB0-A218-A4B462209735}.AppStore|iPhone.Build.0 = Debug|Any CPU
		{10DB0F37-4F0D-4F38-A9A0-023C0B82DD7F}.Debug|Any CPU.ActiveCfg = Debug|iPhoneSimulator
		{10DB0F37-4F0D-4F38-A9A0-023C0B82DD7F}.Debug|Any CPU.Build.0 = Debug|iPhoneSimulator
		{10DB0F37-4F0D-4F38-A9A0-023C0B82DD7F}.Release|Any CPU.ActiveCfg = Release|iPhoneSimulator
		{10DB0F37-4F0D-4F38-A9A0-023C0B82DD7F}.Release|Any CPU.Build.0 = Release|iPhoneSimulator
		{10DB0F37-4F0D-4F38-A9A0-023C0B82DD7F}.Debug|iPhoneSimulator.ActiveCfg = Debug|iPhoneSimulator
		{10DB0F37-4F0D-4F38-A9A0-023C0B82DD7F}.Debug|iPhoneSimulator.Build.0 = Debug|iPhoneSimulator
		{10DB0F37-4F0D-4F38-A9A0-023C0B82DD7F}.Release|iPhoneSimulator.ActiveCfg = Release|iPhoneSimulator
		{10DB0F37-4F0D-4F38-A9A0-023C0B82DD7F}.Release|iPhoneSimulator.Build.0 = Release|iPhoneSimulator
		{10DB0F37-4F0D-4F38-A9A0-023C0B82DD7F}.Debug|iPhone.ActiveCfg = Debug|iPhone
		{10DB0F37-4F0D-4F38-A9A0-023C0B82DD7F}.Debug|iPhone.Build.0 = Debug|iPhone
		{10DB0F37-4F0D-4F38-A9A0-023C0B82DD7F}.Release|iPhone.ActiveCfg = Release|iPhone
		{10DB0F37-4F0D-4F38-A9A0-023C0B82DD7F}.Release|iPhone.Build.0 = Release|iPhone
		{10DB0F37-4F0D-4F38-A9A0-023C0B82DD7F}.Ad-Hoc|iPhone.ActiveCfg = Ad-Hoc|iPhone
		{10DB0F37-4F0D-4F38-A9A0-023C0B82DD7F}.Ad-Hoc|iPhone.Build.0 = Ad-Hoc|iPhone
		{10DB0F37-4F0D-4F38-A9A0-023C0B82DD7F}.AppStore|iPhone.ActiveCfg = AppStore|iPhone
		{10DB0F37-4F0D-4F38-A9A0-023C0B82DD7F}.AppStore|iPhone.Build.0 = AppStore|iPhone
		{E2634F05-750D-4FA7-A6DC-4CD7ECA1416D}.Debug|Any CPU.ActiveCfg = Debug|Any CPU
		{E2634F05-750D-4FA7-A6DC-4CD7ECA1416D}.Debug|Any CPU.Build.0 = Debug|Any CPU
		{E2634F05-750D-4FA7-A6DC-4CD7ECA1416D}.Release|Any CPU.ActiveCfg = Release|Any CPU
		{E2634F05-750D-4FA7-A6DC-4CD7ECA1416D}.Release|Any CPU.Build.0 = Release|Any CPU
		{E2634F05-750D-4FA7-A6DC-4CD7ECA1416D}.Debug|iPhoneSimulator.ActiveCfg = Debug|Any CPU
		{E2634F05-750D-4FA7-A6DC-4CD7ECA1416D}.Debug|iPhoneSimulator.Build.0 = Debug|Any CPU
		{E2634F05-750D-4FA7-A6DC-4CD7ECA1416D}.Release|iPhoneSimulator.ActiveCfg = Release|Any CPU
		{E2634F05-750D-4FA7-A6DC-4CD7ECA1416D}.Release|iPhoneSimulator.Build.0 = Release|Any CPU
		{E2634F05-750D-4FA7-A6DC-4CD7ECA1416D}.Debug|iPhone.ActiveCfg = Debug|Any CPU
		{E2634F05-750D-4FA7-A6DC-4CD7ECA1416D}.Debug|iPhone.Build.0 = Debug|Any CPU
		{E2634F05-750D-4FA7-A6DC-4CD7ECA1416D}.Release|iPhone.ActiveCfg = Release|Any CPU
		{E2634F05-750D-4FA7-A6DC-4CD7ECA1416D}.Release|iPhone.Build.0 = Release|Any CPU
		{E2634F05-750D-4FA7-A6DC-4CD7ECA1416D}.Ad-Hoc|iPhone.ActiveCfg = Debug|Any CPU
		{E2634F05-750D-4FA7-A6DC-4CD7ECA1416D}.Ad-Hoc|iPhone.Build.0 = Debug|Any CPU
		{E2634F05-750D-4FA7-A6DC-4CD7ECA1416D}.AppStore|iPhone.ActiveCfg = Debug|Any CPU
		{E2634F05-750D-4FA7-A6DC-4CD7ECA1416D}.AppStore|iPhone.Build.0 = Debug|Any CPU
	EndGlobalSection
EndGlobal
